
Microsoft Visual Studio Solution File, Format Version 12.00
# Visual Studio Version 17
VisualStudioVersion = 17.12.35323.107
MinimumVisualStudioVersion = 10.0.40219.1
Project("{8BC9CEB8-8B4A-11D0-8D11-00A0C91BC942}") = "InventoryManager", "InventoryManager.vcxproj", "{73EB4626-6DCD-42F0-A086-0118C17C8C13}"
EndProject
Global
	GlobalSection(SolutionConfigurationPlatforms) = preSolution
		Debug|x64 = Debug|x64
		Debug|x86 = Debug|x86
		Release|x64 = Release|x64
		Release|x86 = Release|x86
	EndGlobalSection
	GlobalSection(ProjectConfigurationPlatforms) = postSolution
		{73EB4626-6DCD-42F0-A086-0118C17C8C13}.Debug|x64.ActiveCfg = Debug|x64
		{73EB4626-6DCD-42F0-A086-0118C17C8C13}.Debug|x64.Build.0 = Debug|x64
		{73EB4626-6DCD-42F0-A086-0118C17C8C13}.Debug|x86.ActiveCfg = Debug|Win32
		{73EB4626-6DCD-42F0-A086-0118C17C8C13}.Debug|x86.Build.0 = Debug|Win32
		{73EB4626-6DCD-42F0-A086-0118C17C8C13}.Release|x64.ActiveCfg = Release|x64
		{73EB4626-6DCD-42F0-A086-0118C17C8C13}.Release|x64.Build.0 = Release|x64
		{73EB4626-6DCD-42F0-A086-0118C17C8C13}.Release|x86.ActiveCfg = Release|Win32
		{73EB4626-6DCD-42F0-A086-0118C17C8C13}.Release|x86.Build.0 = Release|Win32
	EndGlobalSection
	GlobalSection(SolutionProperties) = preSolution
		HideSolutionNode = FALSE
	EndGlobalSection
	GlobalSection(ExtensibilityGlobals) = postSolution
		SolutionGuid = {3E732F34-2F4A-4EA9-9515-2E6F93B2EAB8}
	EndGlobalSection
EndGlobal
